
Microsoft Visual Studio Solution File, Format Version 12.00
# Visual Studio Version 16
VisualStudioVersion = 16.0.33927.289
MinimumVisualStudioVersion = 10.0.40219.1
Project("{FAE04EC0-301F-11D3-BF4B-00C04F79EFBC}") = "DaoDucManh_21115053120332_LinQJoin", "DaoDucManh_21115053120332_LinQJoin.csproj", "{F90B6CEA-40F2-4B79-B2A4-F3302486A2D1}"
EndProject
Global
	GlobalSection(SolutionConfigurationPlatforms) = preSolution
		Debug|Any CPU = Debug|Any CPU
		Release|Any CPU = Release|Any CPU
	EndGlobalSection
	GlobalSection(ProjectConfigurationPlatforms) = postSolution
		{F90B6CEA-40F2-4B79-B2A4-F3302486A2D1}.Debug|Any CPU.ActiveCfg = Debug|Any CPU
		{F90B6CEA-40F2-4B79-B2A4-F3302486A2D1}.Debug|Any CPU.Build.0 = Debug|Any CPU
		{F90B6CEA-40F2-4B79-B2A4-F3302486A2D1}.Release|Any CPU.ActiveCfg = Release|Any CPU
		{F90B6CEA-40F2-4B79-B2A4-F3302486A2D1}.Release|Any CPU.Build.0 = Release|Any CPU
	EndGlobalSection
	GlobalSection(SolutionProperties) = preSolution
		HideSolutionNode = FALSE
	EndGlobalSection
	GlobalSection(ExtensibilityGlobals) = postSolution
		SolutionGuid = {91587F1E-7CBC-4962-B4BA-DEA129E9667E}
	EndGlobalSection
EndGlobal
